{
  "name": "tic-tac-toe",
  "version": "0.1.0",
  "lockfileVersion": 3,
  "requires": true,
  "packages": {
    "": {
      "name": "tic-tac-toe",
      "version": "0.1.0",
      "dependencies": {
        "react": "^19.2.0",
        "react-dom": "^19.2.0"
      },
      "devDependencies": {
        "@rsbuild/core": "^1.6.3",
        "@rsbuild/plugin-react": "^1.4.2",
        "@rsbuild/plugin-type-check": "^1.3.0",
        "@types/react": "^19.2.3",
        "@types/react-dom": "^19.2.2"
      }
    },
    "node_modules/@babel/code-frame": {
      "version": "7.27.1",
      "resolved": "https://registry.npmjs.org/@babel/code-frame/-/code-frame-7.27.1.tgz",
      "integrity": "sha512-cjQ7ZlQ0Mv3b47hABuTevyTuYN4i+loJKGeV9flcCgIK37cCXRh+L1bd3iBHlynerhQ7BhCkn2BPbQUL+rGqFg==",
      "dev": true,
      "dependencies": {
        "@babel/helper-validator-identifier": "^7.27.1",
        "js-tokens": "^4.0.0",
        "picocolors": "^1.1.1"
      },
      "engines": {
        "node": ">=6.9.0"
      }
    },
    "node_modules/@babel/helper-validator-identifier": {
      "version": "7.28.5",
      "resolved": "https://registry.npmjs.org/@babel/helper-validator-identifier/-/helper-validator-identifier-7.28.5.tgz",
      "integrity": "sha512-qSs4ifwzKJSV39ucNjsvc6WVHs6b7S03sOh2OcHF9UHfVPqWWALUsNUVzhSBiItjRZoLHx7nIarVjqKVusUZ1Q==",
      "dev": true,
      "engines": {
        "node": ">=6.9.0"
      }
    },
    "node_modules/@emnapi/core": {
      "version": "1.7.0",
      "resolved": "https://registry.npmjs.org/@emnapi/core/-/core-1.7.0.tgz",
      "integrity": "sha512-pJdKGq/1iquWYtv1RRSljZklxHCOCAJFJrImO5ZLKPJVJlVUcs8yFwNQlqS0Lo8xT1VAXXTCZocF9n26FWEKsw==",
      "dev": true,
      "optional": true,
      "dependencies": {
        "@emnapi/wasi-threads": "1.1.0",
        "tslib": "^2.4.0"
      }
    },
    "node_modules/@emnapi/runtime": {
      "version": "1.7.0",
      "resolved": "https://registry.npmjs.org/@emnapi/runtime/-/runtime-1.7.0.tgz",
      "integrity": "sha512-oAYoQnCYaQZKVS53Fq23ceWMRxq5EhQsE0x0RdQ55jT7wagMu5k+fS39v1fiSLrtrLQlXwVINenqhLMtTrV/1Q==",
      "dev": true,
      "optional": true,
      "dependencies": {
        "tslib": "^2.4.0"
      }
    },
    "node_modules/@emnapi/wasi-threads": {
      "version": "1.1.0",
      "resolved": "https://registry.npmjs.org/@emnapi/wasi-threads/-/wasi-threads-1.1.0.tgz",
      "integrity": "sha512-WI0DdZ8xFSbgMjR1sFsKABJ/C5OnRrjT06JXbZKexJGrDuPTzZdDYfFlsgcCXCyf+suG5QU2e/y1Wo2V/OapLQ==",
      "dev": true,
      "optional": true,
      "dependencies": {
        "tslib": "^2.4.0"
      }
    },
    "node_modules/@jsonjoy.com/base64": {
      "version": "1.1.2",
      "resolved": "https://registry.npmjs.org/@jsonjoy.com/base64/-/base64-1.1.2.tgz",
      "integrity": "sha512-q6XAnWQDIMA3+FTiOYajoYqySkO+JSat0ytXGSuRdq9uXE7o92gzuQwQM14xaCRlBLGq3v5miDGC4vkVTn54xA==",
      "dev": true,
      "engines": {
        "node": ">=10.0"
      },
      "funding": {
        "type": "github",
        "url": "https://github.com/sponsors/streamich"
      },
      "peerDependencies": {
        "tslib": "2"
      }
    },
    "node_modules/@jsonjoy.com/buffers": {
      "version": "1.2.1",
      "resolved": "https://registry.npmjs.org/@jsonjoy.com/buffers/-/buffers-1.2.1.tgz",
      "integrity": "sha512-12cdlDwX4RUM3QxmUbVJWqZ/mrK6dFQH4Zxq6+r1YXKXYBNgZXndx2qbCJwh3+WWkCSn67IjnlG3XYTvmvYtgA==",
      "dev": true,
      "engines": {
        "node": ">=10.0"
      },
      "funding": {
        "type": "github",
        "url": "https://github.com/sponsors/streamich"
      },
      "peerDependencies": {
        "tslib": "2"
      }
    },
    "node_modules/@jsonjoy.com/codegen": {
      "version": "1.0.0",
      "resolved": "https://registry.npmjs.org/@jsonjoy.com/codegen/-/codegen-1.0.0.tgz",
      "integrity": "sha512-E8Oy+08cmCf0EK/NMxpaJZmOxPqM+6iSe2S4nlSBrPZOORoDJILxtbSUEDKQyTamm/BVAhIGllOBNU79/dwf0g==",
      "dev": true,
      "engines": {
        "node": ">=10.0"
      },
      "funding": {
        "type": "github",
        "url": "https://github.com/sponsors/streamich"
      },
      "peerDependencies": {
        "tslib": "2"
      }
    },
    "node_modules/@jsonjoy.com/json-pack": {
      "version": "1.21.0",
      "resolved": "https://registry.npmjs.org/@jsonjoy.com/json-pack/-/json-pack-1.21.0.tgz",
      "integrity": "sha512-+AKG+R2cfZMShzrF2uQw34v3zbeDYUqnQ+jg7ORic3BGtfw9p/+N6RJbq/kkV8JmYZaINknaEQ2m0/f693ZPpg==",
      "dev": true,
      "dependencies": {
        "@jsonjoy.com/base64": "^1.1.2",
        "@jsonjoy.com/buffers": "^1.2.0",
        "@jsonjoy.com/codegen": "^1.0.0",
        "@jsonjoy.com/json-pointer": "^1.0.2",
        "@jsonjoy.com/util": "^1.9.0",
        "hyperdyperid": "^1.2.0",
        "thingies": "^2.5.0",
        "tree-dump": "^1.1.0"
      },
      "engines": {
        "node": ">=10.0"
      },
      "funding": {
        "type": "github",
        "url": "https://github.com/sponsors/streamich"
      },
      "peerDependencies": {
        "tslib": "2"
      }
    },
    "node_modules/@jsonjoy.com/json-pointer": {
      "version": "1.0.2",
      "resolved": "https://registry.npmjs.org/@jsonjoy.com/json-pointer/-/json-pointer-1.0.2.tgz",
      "integrity": "sha512-Fsn6wM2zlDzY1U+v4Nc8bo3bVqgfNTGcn6dMgs6FjrEnt4ZCe60o6ByKRjOGlI2gow0aE/Q41QOigdTqkyK5fg==",
      "dev": true,
      "dependencies": {
        "@jsonjoy.com/codegen": "^1.0.0",
        "@jsonjoy.com/util": "^1.9.0"
      },
      "engines": {
        "node": ">=10.0"
      },
      "funding": {
        "type": "github",
        "url": "https://github.com/sponsors/streamich"
      },
      "peerDependencies": {
        "tslib": "2"
      }
    },
    "node_modules/@jsonjoy.com/util": {
      "version": "1.9.0",
      "resolved": "https://registry.npmjs.org/@jsonjoy.com/util/-/util-1.9.0.tgz",
      "integrity": "sha512-pLuQo+VPRnN8hfPqUTLTHk126wuYdXVxE6aDmjSeV4NCAgyxWbiOIeNJVtID3h1Vzpoi9m4jXezf73I6LgabgQ==",
      "dev": true,
      "dependencies": {
        "@jsonjoy.com/buffers": "^1.0.0",
        "@jsonjoy.com/codegen": "^1.0.0"
      },
      "engines": {
        "node": ">=10.0"
      },
      "funding": {
        "type": "github",
        "url": "https://github.com/sponsors/streamich"
      },
      "peerDependencies": {
        "tslib": "2"
      }
    },
    "node_modules/@module-federation/error-codes": {
      "version": "0.21.2",
      "resolved": "https://registry.npmjs.org/@module-federation/error-codes/-/error-codes-0.21.2.tgz",
      "integrity": "sha512-mGbPAAApgjmQUl4J7WAt20aV04a26TyS21GDEpOGXFEQG5FqmZnSJ6FqB8K19HgTKioBT1+fF/Ctl5bGGao/EA==",
      "dev": true
    },
    "node_modules/@module-federation/runtime": {
      "version": "0.21.2",
      "resolved": "https://registry.npmjs.org/@module-federation/runtime/-/runtime-0.21.2.tgz",
      "integrity": "sha512-97jlOx4RAnAHMBTfgU5FBK6+V/pfT6GNX0YjSf8G+uJ3lFy74Y6kg/BevEkChTGw5waCLAkw/pw4LmntYcNN7g==",
      "dev": true,
      "dependencies": {
        "@module-federation/error-codes": "0.21.2",
        "@module-federation/runtime-core": "0.21.2",
        "@module-federation/sdk": "0.21.2"
      }
    },
    "node_modules/@module-federation/runtime-core": {
      "version": "0.21.2",
      "resolved": "https://registry.npmjs.org/@module-federation/runtime-core/-/runtime-core-0.21.2.tgz",
      "integrity": "sha512-LtDnccPxjR8Xqa3daRYr1cH/6vUzK3mQSzgvnfsUm1fXte5syX4ftWw3Eu55VdqNY3yREFRn77AXdu9PfPEZRw==",
      "dev": true,
      "dependencies": {
        "@module-federation/error-codes": "0.21.2",
        "@module-federation/sdk": "0.21.2"
      }
    },
    "node_modules/@module-federation/runtime-tools": {
      "version": "0.21.2",
      "resolved": "https://registry.npmjs.org/@module-federation/runtime-tools/-/runtime-tools-0.21.2.tgz",
      "integrity": "sha512-SgG9NWTYGNYcHSd5MepO3AXf6DNXriIo4sKKM4mu4RqfYhHyP+yNjnF/gvYJl52VD61g0nADmzLWzBqxOqk2tg==",
      "dev": true,
      "dependencies": {
        "@module-federation/runtime": "0.21.2",
        "@module-federation/webpack-bundler-runtime": "0.21.2"
      }
    },
    "node_modules/@module-federation/sdk": {
      "version": "0.21.2",
      "resolved": "https://registry.npmjs.org/@module-federation/sdk/-/sdk-0.21.2.tgz",
      "integrity": "sha512-t2vHSJ1a9zjg7LLJoEghcytNLzeFCqOat5TbXTav5dgU0xXw82Cf0EfLrxiJL6uUpgbtyvUdqqa2DVAvMPjiiA==",
      "dev": true
    },
    "node_modules/@module-federation/webpack-bundler-runtime": {
      "version": "0.21.2",
      "resolved": "https://registry.npmjs.org/@module-federation/webpack-bundler-runtime/-/webpack-bundler-runtime-0.21.2.tgz",
      "integrity": "sha512-06R/NDY6Uh5RBIaBOFwYWzJCf1dIiQd/DFHToBVhejUT3ZFG7GzHEPIIsAGqMzne/JSmVsvjlXiJu7UthQ6rFA==",
      "dev": true,
      "dependencies": {
        "@module-federation/runtime": "0.21.2",
        "@module-federation/sdk": "0.21.2"
      }
    },
    "node_modules/@napi-rs/wasm-runtime": {
      "version": "1.0.7",
      "resolved": "https://registry.npmjs.org/@napi-rs/wasm-runtime/-/wasm-runtime-1.0.7.tgz",
      "integrity": "sha512-SeDnOO0Tk7Okiq6DbXmmBODgOAb9dp9gjlphokTUxmt8U3liIP1ZsozBahH69j/RJv+Rfs6IwUKHTgQYJ/HBAw==",
      "dev": true,
      "optional": true,
      "dependencies": {
        "@emnapi/core": "^1.5.0",
        "@emnapi/runtime": "^1.5.0",
        "@tybys/wasm-util": "^0.10.1"
      }
    },
    "node_modules/@rsbuild/core": {
      "version": "1.6.3",
      "resolved": "https://registry.npmjs.org/@rsbuild/core/-/core-1.6.3.tgz",
      "integrity": "sha512-93/j5w+nyzfTjHfch2ram+Y6Og3NUcl46nsrKojD3scBR9nSjYHjJM27pQNi0Oq7Io7vQpTMvxwuSaG7AShfRw==",
      "dev": true,
      "dependencies": {
        "@rspack/core": "1.6.1",
        "@rspack/lite-tapable": "~1.0.1",
        "@swc/helpers": "^0.5.17",
        "core-js": "~3.46.0",
        "jiti": "^2.6.1"
      },
      "bin": {
        "rsbuild": "bin/rsbuild.js"
      },
      "engines": {
        "node": ">=18.12.0"
      }
    },
    "node_modules/@rsbuild/plugin-react": {
      "version": "1.4.2",
      "resolved": "https://registry.npmjs.org/@rsbuild/plugin-react/-/plugin-react-1.4.2.tgz",
      "integrity": "sha512-2rJb5mOuqVof2aDq4SbB1E65+0n1vjhAADipC88jvZRNuTOulg79fh7R4tsCiBMI4VWq46gSpwekiK8G5bq6jg==",
      "dev": true,
      "dependencies": {
        "@rspack/plugin-react-refresh": "^1.5.2",
        "react-refresh": "^0.18.0"
      },
      "peerDependencies": {
        "@rsbuild/core": "1.x"
      }
    },
    "node_modules/@rsbuild/plugin-type-check": {
      "version": "1.3.0",
      "resolved": "https://registry.npmjs.org/@rsbuild/plugin-type-check/-/plugin-type-check-1.3.0.tgz",
      "integrity": "sha512-HFqlspXhV/KGmA+PLCOrILHUXFWyDYSi7OcNfo5EbeRCgDfol7YtRikoNusv0CL7mUQ44cwMXk8zr6pBnSaiUg==",
      "dev": true,
      "dependencies": {
        "deepmerge": "^4.3.1",
        "json5": "^2.2.3",
        "reduce-configs": "^1.1.1",
        "ts-checker-rspack-plugin": "^1.2.0"
      },
      "peerDependencies": {
        "@rsbuild/core": "1.x"
      },
      "peerDependenciesMeta": {
        "@rsbuild/core": {
          "optional": true
        }
      }
    },
    "node_modules/@rspack/binding": {
      "version": "1.6.1",
      "resolved": "https://registry.npmjs.org/@rspack/binding/-/binding-1.6.1.tgz",
      "integrity": "sha512-6duvh3CbDA3c4HpNkzIOP9z1wn/mKY1Mrxj+AqgcNvsE0ppp1iKlMsJCDgl7SlUauus2AgtM1dIEU+0sRajmwQ==",
      "dev": true,
      "optionalDependencies": {
        "@rspack/binding-darwin-arm64": "1.6.1",
        "@rspack/binding-darwin-x64": "1.6.1",
        "@rspack/binding-linux-arm64-gnu": "1.6.1",
        "@rspack/binding-linux-arm64-musl": "1.6.1",
        "@rspack/binding-linux-x64-gnu": "1.6.1",
        "@rspack/binding-linux-x64-musl": "1.6.1",
        "@rspack/binding-wasm32-wasi": "1.6.1",
        "@rspack/binding-win32-arm64-msvc": "1.6.1",
        "@rspack/binding-win32-ia32-msvc": "1.6.1",
        "@rspack/binding-win32-x64-msvc": "1.6.1"
      }
    },
    "node_modules/@rspack/binding-darwin-arm64": {
      "version": "1.6.1",
      "resolved": "https://registry.npmjs.org/@rspack/binding-darwin-arm64/-/binding-darwin-arm64-1.6.1.tgz",
      "integrity": "sha512-am7gVsqicKY/FhDfNa/InHxrBd3wRt6rI7sFTaunKaPbPERjWSKr/sI47tB3t8uNYmLQFFhWFijomAhDyrlHMg==",
      "cpu": [
        "arm64"
      ],
      "dev": true,
      "optional": true,
      "os": [
        "darwin"
      ]
    },
    "node_modules/@rspack/binding-darwin-x64": {
      "version": "1.6.1",
      "resolved": "https://registry.npmjs.org/@rspack/binding-darwin-x64/-/binding-darwin-x64-1.6.1.tgz",
      "integrity": "sha512-uadcJOal5YTg191+kvi47I0b+U0sRKe8vKFjMXYOrSIcbXGVRdBxROt/HMlKnvg0u/A83f6AABiY6MA2fCs/gw==",
      "cpu": [
        "x64"
      ],
      "dev": true,
      "optional": true,
      "os": [
        "darwin"
      ]
    },
    "node_modules/@rspack/binding-linux-arm64-gnu": {
      "version": "1.6.1",
      "resolved": "https://registry.npmjs.org/@rspack/binding-linux-arm64-gnu/-/binding-linux-arm64-gnu-1.6.1.tgz",
      "integrity": "sha512-n7UGSBzv7PiX+V1Q2bY3S1XWyN3RCykCQUgfhZ+xWietCM/1349jgN7DoXKPllqlof1GPGBjziHU0sQZTC4tag==",
      "cpu": [
        "arm64"
      ],
      "dev": true,
      "optional": true,
      "os": [
        "linux"
      ]
    },
    "node_modules/@rspack/binding-linux-arm64-musl": {
      "version": "1.6.1",
      "resolved": "https://registry.npmjs.org/@rspack/binding-linux-arm64-musl/-/binding-linux-arm64-musl-1.6.1.tgz",
      "integrity": "sha512-P7nx0jsKxx7g3QAnH9UnJDGVgs1M2H7ZQl68SRyrs42TKOd9Md22ynoMIgCK1zoy+skssU6MhWptluSggXqSrA==",
      "cpu": [
        "arm64"
      ],
      "dev": true,
      "optional": true,
      "os": [
        "linux"
      ]
    },
    "node_modules/@rspack/binding-linux-x64-gnu": {
      "version": "1.6.1",
      "resolved": "https://registry.npmjs.org/@rspack/binding-linux-x64-gnu/-/binding-linux-x64-gnu-1.6.1.tgz",
      "integrity": "sha512-SdiurC1bV/QHnj7rmrBYJLdsat3uUDWl9KjkVjEbtc8kQV0Ri4/vZRH0nswgzx7hZNY2j0jYuCm5O8+3qeJEMg==",
      "cpu": [
        "x64"
      ],
      "dev": true,
      "optional": true,
      "os": [
        "linux"
      ]
    },
    "node_modules/@rspack/binding-linux-x64-musl": {
      "version": "1.6.1",
      "resolved": "https://registry.npmjs.org/@rspack/binding-linux-x64-musl/-/binding-linux-x64-musl-1.6.1.tgz",
      "integrity": "sha512-JoSJu29nV+auOePhe8x2Fzqxiga1YGNcOMWKJ5Uj8rHBZ8FPAiiE+CpLG8TwfpHsivojrY/sy6fE8JldYLV5TQ==",
      "cpu": [
        "x64"
      ],
      "dev": true,
      "optional": true,
      "os": [
        "linux"
      ]
    },
    "node_modules/@rspack/binding-wasm32-wasi": {
      "version": "1.6.1",
      "resolved": "https://registry.npmjs.org/@rspack/binding-wasm32-wasi/-/binding-wasm32-wasi-1.6.1.tgz",
      "integrity": "sha512-u5NiSHxM7LtIo4cebq/hQPJ9o39u127am3eVJHDzdmBVhTYYO5l7XVUnFmcU8hNHuj/4lJzkFviWFbf3SaRSYA==",
      "cpu": [
        "wasm32"
      ],
      "dev": true,
      "optional": true,
      "dependencies": {
        "@napi-rs/wasm-runtime": "1.0.7"
      }
    },
    "node_modules/@rspack/binding-win32-arm64-msvc": {
      "version": "1.6.1",
      "resolved": "https://registry.npmjs.org/@rspack/binding-win32-arm64-msvc/-/binding-win32-arm64-msvc-1.6.1.tgz",
      "integrity": "sha512-u2Lm4iyUstX/H4JavHnFLIlXQwMka6WVvG2XH8uRd6ziNTh0k/u9jlFADzhdZMvxj63L2hNXCs7TrMZTx2VObQ==",
      "cpu": [
        "arm64"
      ],
      "dev": true,
      "optional": true,
      "os": [
        "win32"
      ]
    },
    "node_modules/@rspack/binding-win32-ia32-msvc": {
      "version": "1.6.1",
      "resolved": "https://registry.npmjs.org/@rspack/binding-win32-ia32-msvc/-/binding-win32-ia32-msvc-1.6.1.tgz",
      "integrity": "sha512-/rMU4pjnQeYnkrXmlqeEPiUNT1wHfJ8GR5v2zqcHXBQkAtic3ZsLwjHpucJjrfRsN5CcVChxJl/T7ozlITfcYw==",
      "cpu": [
        "ia32"
      ],
      "dev": true,
      "optional": true,
      "os": [
        "win32"
      ]
    },
    "node_modules/@rspack/binding-win32-x64-msvc": {
      "version": "1.6.1",
      "resolved": "https://registry.npmjs.org/@rspack/binding-win32-x64-msvc/-/binding-win32-x64-msvc-1.6.1.tgz",
      "integrity": "sha512-8qsdb5COuZF5Trimo3HHz3N0KuRtrPtRCMK/wi7DOT1nR6CpUeUMPTjvtPl/O/QezQje+cpBFTa5BaQ1WKlHhw==",
      "cpu": [
        "x64"
      ],
      "dev": true,
      "optional": true,
      "os": [
        "win32"
      ]
    },
    "node_modules/@rspack/core": {
      "version": "1.6.1",
      "resolved": "https://registry.npmjs.org/@rspack/core/-/core-1.6.1.tgz",
      "integrity": "sha512-hZVrmiZoBTchWUdh/XbeJ5z+GqHW5aPYeufBigmtUeyzul8uJtHlWKmQhpG+lplMf6o1RESTjjxl632TP/Cfhg==",
      "dev": true,
      "dependencies": {
        "@module-federation/runtime-tools": "0.21.2",
        "@rspack/binding": "1.6.1",
        "@rspack/lite-tapable": "1.0.1"
      },
      "engines": {
        "node": ">=18.12.0"
      },
      "peerDependencies": {
        "@swc/helpers": ">=0.5.1"
      },
      "peerDependenciesMeta": {
        "@swc/helpers": {
          "optional": true
        }
      }
    },
    "node_modules/@rspack/lite-tapable": {
      "version": "1.0.1",
      "resolved": "https://registry.npmjs.org/@rspack/lite-tapable/-/lite-tapable-1.0.1.tgz",
      "integrity": "sha512-VynGOEsVw2s8TAlLf/uESfrgfrq2+rcXB1muPJYBWbsm1Oa6r5qVQhjA5ggM6z/coYPrsVMgovl3Ff7Q7OCp1w==",
      "dev": true,
      "engines": {
        "node": ">=16.0.0"
      }
    },
    "node_modules/@rspack/plugin-react-refresh": {
      "version": "1.5.2",
      "resolved": "https://registry.npmjs.org/@rspack/plugin-react-refresh/-/plugin-react-refresh-1.5.2.tgz",
      "integrity": "sha512-uTbN6P01LPdQOnl5YNwHkN4hDsb9Sb5nIetQb55mPyFiJnu9MQetmBUm+tmh8JJg0QPv4Ew7tXgi4hjpHFY3Rw==",
      "dev": true,
      "dependencies": {
        "error-stack-parser": "^2.1.4",
        "html-entities": "^2.6.0"
      },
      "peerDependencies": {
        "react-refresh": ">=0.10.0 <1.0.0",
        "webpack-hot-middleware": "2.x"
      },
      "peerDependenciesMeta": {
        "webpack-hot-middleware": {
          "optional": true
        }
      }
    },
    "node_modules/@swc/helpers": {
      "version": "0.5.17",
      "resolved": "https://registry.npmjs.org/@swc/helpers/-/helpers-0.5.17.tgz",
      "integrity": "sha512-5IKx/Y13RsYd+sauPb2x+U/xZikHjolzfuDgTAl/Tdf3Q8rslRvC19NKDLgAJQ6wsqADk10ntlv08nPFw/gO/A==",
      "dev": true,
      "dependencies": {
        "tslib": "^2.8.0"
      }
    },
    "node_modules/@tybys/wasm-util": {
      "version": "0.10.1",
      "resolved": "https://registry.npmjs.org/@tybys/wasm-util/-/wasm-util-0.10.1.tgz",
      "integrity": "sha512-9tTaPJLSiejZKx+Bmog4uSubteqTvFrVrURwkmHixBo0G4seD0zUxp98E1DzUBJxLQ3NPwXrGKDiVjwx/DpPsg==",
      "dev": true,
      "optional": true,
      "dependencies": {
        "tslib": "^2.4.0"
      }
    },
    "node_modules/@types/react": {
      "version": "19.2.3",
      "resolved": "https://registry.npmjs.org/@types/react/-/react-19.2.3.tgz",
      "integrity": "sha512-k5dJVszUiNr1DSe8Cs+knKR6IrqhqdhpUwzqhkS8ecQTSf3THNtbfIp/umqHMpX2bv+9dkx3fwDv/86LcSfvSg==",
      "dev": true,
      "dependencies": {
        "csstype": "^3.0.2"
      }
    },
    "node_modules/@types/react-dom": {
      "version": "19.2.2",
      "resolved": "https://registry.npmjs.org/@types/react-dom/-/react-dom-19.2.2.tgz",
      "integrity": "sha512-9KQPoO6mZCi7jcIStSnlOWn2nEF3mNmyr3rIAsGnAbQKYbRLyqmeSc39EVgtxXVia+LMT8j3knZLAZAh+xLmrw==",
      "dev": true,
      "peerDependencies": {
        "@types/react": "^19.2.0"
      }
    },
    "node_modules/anymatch": {
      "version": "3.1.3",
      "resolved": "https://registry.npmjs.org/anymatch/-/anymatch-3.1.3.tgz",
      "integrity": "sha512-KMReFUr0B4t+D+OBkjR3KYqvocp2XaSzO55UcB6mgQMd3KbcE+mWTyvVV7D/zsdEbNnV6acZUutkiHQXvTr1Rw==",
      "dev": true,
      "dependencies": {
        "normalize-path": "^3.0.0",
        "picomatch": "^2.0.4"
      },
      "engines": {
        "node": ">= 8"
      }
    },
    "node_modules/balanced-match": {
      "version": "1.0.2",
      "resolved": "https://registry.npmjs.org/balanced-match/-/balanced-match-1.0.2.tgz",
      "integrity": "sha512-3oSeUO0TMV67hN1AmbXsK4yaqU7tjiHlbxRDZOpH0KW9+CeX4bRAaX0Anxt0tx2MrpRpWwQaPwIlISEJhYU5Pw==",
      "dev": true
    },
    "node_modules/binary-extensions": {
      "version": "2.3.0",
      "resolved": "https://registry.npmjs.org/binary-extensions/-/binary-extensions-2.3.0.tgz",
      "integrity": "sha512-Ceh+7ox5qe7LJuLHoY0feh3pHuUDHAcRUeyL2VYghZwfpkNIy/+8Ocg0a3UuSoYzavmylwuLWQOf3hl0jjMMIw==",
      "dev": true,
      "engines": {
        "node": ">=8"
      },
      "funding": {
        "url": "https://github.com/sponsors/sindresorhus"
      }
    },
    "node_modules/brace-expansion": {
      "version": "2.0.2",
      "resolved": "https://registry.npmjs.org/brace-expansion/-/brace-expansion-2.0.2.tgz",
      "integrity": "sha512-Jt0vHyM+jmUBqojB7E1NIYadt0vI0Qxjxd2TErW94wDz+E2LAm5vKMXXwg6ZZBTHPuUlDgQHKXvjGBdfcF1ZDQ==",
      "dev": true,
      "dependencies": {
        "balanced-match": "^1.0.0"
      }
    },
    "node_modules/braces": {
      "version": "3.0.3",
      "resolved": "https://registry.npmjs.org/braces/-/braces-3.0.3.tgz",
      "integrity": "sha512-yQbXgO/OSZVD2IsiLlro+7Hf6Q18EJrKSEsdoMzKePKXct3gvD8oLcOQdIzGupr5Fj+EDe8gO/lxc1BzfMpxvA==",
      "dev": true,
      "dependencies": {
        "fill-range": "^7.1.1"
      },
      "engines": {
        "node": ">=8"
      }
    },
    "node_modules/chokidar": {
      "version": "3.6.0",
      "resolved": "https://registry.npmjs.org/chokidar/-/chokidar-3.6.0.tgz",
      "integrity": "sha512-7VT13fmjotKpGipCW9JEQAusEPE+Ei8nl6/g4FBAmIm0GOOLMua9NDDo/DWp0ZAxCr3cPq5ZpBqmPAQgDda2Pw==",
      "dev": true,
      "dependencies": {
        "anymatch": "~3.1.2",
        "braces": "~3.0.2",
        "glob-parent": "~5.1.2",
        "is-binary-path": "~2.1.0",
        "is-glob": "~4.0.1",
        "normalize-path": "~3.0.0",
        "readdirp": "~3.6.0"
      },
      "engines": {
        "node": ">= 8.10.0"
      },
      "funding": {
        "url": "https://paulmillr.com/funding/"
      },
      "optionalDependencies": {
        "fsevents": "~2.3.2"
      }
    },
    "node_modules/core-js": {
      "version": "3.46.0",
      "resolved": "https://registry.npmjs.org/core-js/-/core-js-3.46.0.tgz",
      "integrity": "sha512-vDMm9B0xnqqZ8uSBpZ8sNtRtOdmfShrvT6h2TuQGLs0Is+cR0DYbj/KWP6ALVNbWPpqA/qPLoOuppJN07humpA==",
      "dev": true,
      "hasInstallScript": true,
      "funding": {
        "type": "opencollective",
        "url": "https://opencollective.com/core-js"
      }
    },
    "node_modules/csstype": {
      "version": "3.1.3",
      "resolved": "https://registry.npmjs.org/csstype/-/csstype-3.1.3.tgz",
      "integrity": "sha512-M1uQkMl8rQK/szD0LNhtqxIPLpimGm8sOBwU7lLnCpSbTyY3yeU1Vc7l4KT5zT4s/yOxHH5O7tIuuLOCnLADRw==",
      "dev": true
    },
    "node_modules/deepmerge": {
      "version": "4.3.1",
      "resolved": "https://registry.npmjs.org/deepmerge/-/deepmerge-4.3.1.tgz",
      "integrity": "sha512-3sUqbMEc77XqpdNO7FRyRog+eW3ph+GYCbj+rK+uYyRMuwsVy0rMiVtPn+QJlKFvWP/1PYpapqYn0Me2knFn+A==",
      "dev": true,
      "engines": {
        "node": ">=0.10.0"
      }
    },
    "node_modules/error-stack-parser": {
      "version": "2.1.4",
      "resolved": "https://registry.npmjs.org/error-stack-parser/-/error-stack-parser-2.1.4.tgz",
      "integrity": "sha512-Sk5V6wVazPhq5MhpO+AUxJn5x7XSXGl1R93Vn7i+zS15KDVxQijejNCrz8340/2bgLBjR9GtEG8ZVKONDjcqGQ==",
      "dev": true,
      "dependencies": {
        "stackframe": "^1.3.4"
      }
    },
    "node_modules/fill-range": {
      "version": "7.1.1",
      "resolved": "https://registry.npmjs.org/fill-range/-/fill-range-7.1.1.tgz",
      "integrity": "sha512-YsGpe3WHLK8ZYi4tWDg2Jy3ebRz2rXowDxnld4bkQB00cc/1Zw9AWnC0i9ztDJitivtQvaI9KaLyKrc+hBW0yg==",
      "dev": true,
      "dependencies": {
        "to-regex-range": "^5.0.1"
      },
      "engines": {
        "node": ">=8"
      }
    },
    "node_modules/fsevents": {
      "version": "2.3.3",
      "resolved": "https://registry.npmjs.org/fsevents/-/fsevents-2.3.3.tgz",
      "integrity": "sha512-5xoDfX+fL7faATnagmWPpbFtwh/R77WmMMqqHGS65C3vvB0YHrgF+B1YmZ3441tMj5n63k0212XNoJwzlhffQw==",
      "dev": true,
      "hasInstallScript": true,
      "optional": true,
      "os": [
        "darwin"
      ],
      "engines": {
        "node": "^8.16.0 || ^10.6.0 || >=11.0.0"
      }
    },
    "node_modules/glob-parent": {
      "version": "5.1.2",
      "resolved": "https://registry.npmjs.org/glob-parent/-/glob-parent-5.1.2.tgz",
      "integrity": "sha512-AOIgSQCepiJYwP3ARnGx+5VnTu2HBYdzbGP45eLw1vr3zB3vZLeyed1sC9hnbcOc9/SrMyM5RPQrkGz4aS9Zow==",
      "dev": true,
      "dependencies": {
        "is-glob": "^4.0.1"
      },
      "engines": {
        "node": ">= 6"
      }
    },
    "node_modules/glob-to-regex.js": {
      "version": "1.2.0",
      "resolved": "https://registry.npmjs.org/glob-to-regex.js/-/glob-to-regex.js-1.2.0.tgz",
      "integrity": "sha512-QMwlOQKU/IzqMUOAZWubUOT8Qft+Y0KQWnX9nK3ch0CJg0tTp4TvGZsTfudYKv2NzoQSyPcnA6TYeIQ3jGichQ==",
      "dev": true,
      "engines": {
        "node": ">=10.0"
      },
      "funding": {
        "type": "github",
        "url": "https://github.com/sponsors/streamich"
      },
      "peerDependencies": {
        "tslib": "2"
      }
    },
    "node_modules/html-entities": {
      "version": "2.6.0",
      "resolved": "https://registry.npmjs.org/html-entities/-/html-entities-2.6.0.tgz",
      "integrity": "sha512-kig+rMn/QOVRvr7c86gQ8lWXq+Hkv6CbAH1hLu+RG338StTpE8Z0b44SDVaqVu7HGKf27frdmUYEs9hTUX/cLQ==",
      "dev": true,
      "funding": [
        {
          "type": "github",
          "url": "https://github.com/sponsors/mdevils"
        },
        {
          "type": "patreon",
          "url": "https://patreon.com/mdevils"
        }
      ]
    },
    "node_modules/hyperdyperid": {
      "version": "1.2.0",
      "resolved": "https://registry.npmjs.org/hyperdyperid/-/hyperdyperid-1.2.0.tgz",
      "integrity": "sha512-Y93lCzHYgGWdrJ66yIktxiaGULYc6oGiABxhcO5AufBeOyoIdZF7bIfLaOrbM0iGIOXQQgxxRrFEnb+Y6w1n4A==",
      "dev": true,
      "engines": {
        "node": ">=10.18"
      }
    },
    "node_modules/is-binary-path": {
      "version": "2.1.0",
      "resolved": "https://registry.npmjs.org/is-binary-path/-/is-binary-path-2.1.0.tgz",
      "integrity": "sha512-ZMERYes6pDydyuGidse7OsHxtbI7WVeUEozgR/g7rd0xUimYNlvZRE/K2MgZTjWy725IfelLeVcEM97mmtRGXw==",
      "dev": true,
      "dependencies": {
        "binary-extensions": "^2.0.0"
      },
      "engines": {
        "node": ">=8"
      }
    },
    "node_modules/is-extglob": {
      "version": "2.1.1",
      "resolved": "https://registry.npmjs.org/is-extglob/-/is-extglob-2.1.1.tgz",
      "integrity": "sha512-SbKbANkN603Vi4jEZv49LeVJMn4yGwsbzZworEoyEiutsN3nJYdbO36zfhGJ6QEDpOZIFkDtnq5JRxmvl3jsoQ==",
      "dev": true,
      "engines": {
        "node": ">=0.10.0"
      }
    },
    "node_modules/is-glob": {
      "version": "4.0.3",
      "resolved": "https://registry.npmjs.org/is-glob/-/is-glob-4.0.3.tgz",
      "integrity": "sha512-xelSayHH36ZgE7ZWhli7pW34hNbNl8Ojv5KVmkJD4hBdD3th8Tfk9vYasLM+mXWOZhFkgZfxhLSnrwRr4elSSg==",
      "dev": true,
      "dependencies": {
        "is-extglob": "^2.1.1"
      },
      "engines": {
        "node": ">=0.10.0"
      }
    },
    "node_modules/is-number": {
      "version": "7.0.0",
      "resolved": "https://registry.npmjs.org/is-number/-/is-number-7.0.0.tgz",
      "integrity": "sha512-41Cifkg6e8TylSpdtTpeLVMqvSBEVzTttHvERD741+pnZ8ANv0004MRL43QKPDlK9cGvNp6NZWZUBlbGXYxxng==",
      "dev": true,
      "engines": {
        "node": ">=0.12.0"
      }
    },
    "node_modules/jiti": {
      "version": "2.6.1",
      "resolved": "https://registry.npmjs.org/jiti/-/jiti-2.6.1.tgz",
      "integrity": "sha512-ekilCSN1jwRvIbgeg/57YFh8qQDNbwDb9xT/qu2DAHbFFZUicIl4ygVaAvzveMhMVr3LnpSKTNnwt8PoOfmKhQ==",
      "dev": true,
      "bin": {
        "jiti": "lib/jiti-cli.mjs"
      }
    },
    "node_modules/js-tokens": {
      "version": "4.0.0",
      "resolved": "https://registry.npmjs.org/js-tokens/-/js-tokens-4.0.0.tgz",
      "integrity": "sha512-RdJUflcE3cUzKiMqQgsCu06FPu9UdIJO0beYbPhHN4k6apgJtifcoCtT9bcxOpYBtpD2kCM6Sbzg4CausW/PKQ==",
      "dev": true
    },
    "node_modules/json5": {
      "version": "2.2.3",
      "resolved": "https://registry.npmjs.org/json5/-/json5-2.2.3.tgz",
      "integrity": "sha512-XmOWe7eyHYH14cLdVPoyg+GOH3rYX++KpzrylJwSW98t3Nk+U8XOl8FWKOgwtzdb8lXGf6zYwDUzeHMWfxasyg==",
      "dev": true,
      "bin": {
        "json5": "lib/cli.js"
      },
      "engines": {
        "node": ">=6"
      }
    },
    "node_modules/memfs": {
      "version": "4.50.0",
      "resolved": "https://registry.npmjs.org/memfs/-/memfs-4.50.0.tgz",
      "integrity": "sha512-N0LUYQMUA1yS5tJKmMtU9yprPm6ZIg24yr/OVv/7t6q0kKDIho4cBbXRi1XKttUmNYDYgF/q45qrKE/UhGO0CA==",
      "dev": true,
      "dependencies": {
        "@jsonjoy.com/json-pack": "^1.11.0",
        "@jsonjoy.com/util": "^1.9.0",
        "glob-to-regex.js": "^1.0.1",
        "thingies": "^2.5.0",
        "tree-dump": "^1.0.3",
        "tslib": "^2.0.0"
      },
      "funding": {
        "type": "github",
        "url": "https://github.com/sponsors/streamich"
      }
    },
    "node_modules/minimatch": {
      "version": "9.0.5",
      "resolved": "https://registry.npmjs.org/minimatch/-/minimatch-9.0.5.tgz",
      "integrity": "sha512-G6T0ZX48xgozx7587koeX9Ys2NYy6Gmv//P89sEte9V9whIapMNF4idKxnW2QtCcLiTWlb/wfCabAtAFWhhBow==",
      "dev": true,
      "dependencies": {
        "brace-expansion": "^2.0.1"
      },
      "engines": {
        "node": ">=16 || 14 >=14.17"
      },
      "funding": {
        "url": "https://github.com/sponsors/isaacs"
      }
    },
    "node_modules/normalize-path": {
      "version": "3.0.0",
      "resolved": "https://registry.npmjs.org/normalize-path/-/normalize-path-3.0.0.tgz",
      "integrity": "sha512-6eZs5Ls3WtCisHWp9S2GUy8dqkpGi4BVSz3GaqiE6ezub0512ESztXUwUB6C6IKbQkY2Pnb/mD4WYojCRwcwLA==",
      "dev": true,
      "engines": {
        "node": ">=0.10.0"
      }
    },
    "node_modules/picocolors": {
      "version": "1.1.1",
      "resolved": "https://registry.npmjs.org/picocolors/-/picocolors-1.1.1.tgz",
      "integrity": "sha512-xceH2snhtb5M9liqDsmEw56le376mTZkEX/jEb/RxNFyegNul7eNslCXP9FDj/Lcu0X8KEyMceP2ntpaHrDEVA==",
      "dev": true
    },
    "node_modules/picomatch": {
      "version": "2.3.1",
      "resolved": "https://registry.npmjs.org/picomatch/-/picomatch-2.3.1.tgz",
      "integrity": "sha512-JU3teHTNjmE2VCGFzuY8EXzCDVwEqB2a8fsIvwaStHhAWJEeVd1o1QD80CU6+ZdEXXSLbSsuLwJjkCBWqRQUVA==",
      "dev": true,
      "engines": {
        "node": ">=8.6"
      },
      "funding": {
        "url": "https://github.com/sponsors/jonschlinkert"
      }
    },
    "node_modules/react": {
      "version": "19.2.0",
      "resolved": "https://registry.npmjs.org/react/-/react-19.2.0.tgz",
      "integrity": "sha512-tmbWg6W31tQLeB5cdIBOicJDJRR2KzXsV7uSK9iNfLWQ5bIZfxuPEHp7M8wiHyHnn0DD1i7w3Zmin0FtkrwoCQ==",
      "engines": {
        "node": ">=0.10.0"
      }
    },
    "node_modules/react-dom": {
      "version": "19.2.0",
      "resolved": "https://registry.npmjs.org/react-dom/-/react-dom-19.2.0.tgz",
      "integrity": "sha512-UlbRu4cAiGaIewkPyiRGJk0imDN2T3JjieT6spoL2UeSf5od4n5LB/mQ4ejmxhCFT1tYe8IvaFulzynWovsEFQ==",
      "dependencies": {
        "scheduler": "^0.27.0"
      },
      "peerDependencies": {
        "react": "^19.2.0"
      }
    },
    "node_modules/react-refresh": {
      "version": "0.18.0",
      "resolved": "https://registry.npmjs.org/react-refresh/-/react-refresh-0.18.0.tgz",
      "integrity": "sha512-QgT5//D3jfjJb6Gsjxv0Slpj23ip+HtOpnNgnb2S5zU3CB26G/IDPGoy4RJB42wzFE46DRsstbW6tKHoKbhAxw==",
      "dev": true,
      "engines": {
        "node": ">=0.10.0"
      }
    },
    "node_modules/readdirp": {
      "version": "3.6.0",
      "resolved": "https://registry.npmjs.org/readdirp/-/readdirp-3.6.0.tgz",
      "integrity": "sha512-hOS089on8RduqdbhvQ5Z37A0ESjsqz6qnRcffsMU3495FuTdqSm+7bhJ29JvIOsBDEEnan5DPu9t3To9VRlMzA==",
      "dev": true,
      "dependencies": {
        "picomatch": "^2.2.1"
      },
      "engines": {
        "node": ">=8.10.0"
      }
    },
    "node_modules/reduce-configs": {
      "version": "1.1.1",
      "resolved": "https://registry.npmjs.org/reduce-configs/-/reduce-configs-1.1.1.tgz",
      "integrity": "sha512-EYtsVGAQarE8daT54cnaY1PIknF2VB78ug6Zre2rs36EsJfC40EG6hmTU2A2P1ZuXnKAt2KI0fzOGHcX7wzdPw==",
      "dev": true
    },
    "node_modules/scheduler": {
      "version": "0.27.0",
      "resolved": "https://registry.npmjs.org/scheduler/-/scheduler-0.27.0.tgz",
      "integrity": "sha512-eNv+WrVbKu1f3vbYJT/xtiF5syA5HPIMtf9IgY/nKg0sWqzAUEvqY/xm7OcZc/qafLx/iO9FgOmeSAp4v5ti/Q=="
    },
    "node_modules/stackframe": {
      "version": "1.3.4",
      "resolved": "https://registry.npmjs.org/stackframe/-/stackframe-1.3.4.tgz",
      "integrity": "sha512-oeVtt7eWQS+Na6F//S4kJ2K2VbRlS9D43mAlMyVpVWovy9o+jfgH8O9agzANzaiLjclA0oYzUXEM4PurhSUChw==",
      "dev": true
    },
    "node_modules/thingies": {
      "version": "2.5.0",
      "resolved": "https://registry.npmjs.org/thingies/-/thingies-2.5.0.tgz",
      "integrity": "sha512-s+2Bwztg6PhWUD7XMfeYm5qliDdSiZm7M7n8KjTkIsm3l/2lgVRc2/Gx/v+ZX8lT4FMA+i8aQvhcWylldc+ZNw==",
      "dev": true,
      "engines": {
        "node": ">=10.18"
      },
      "funding": {
        "type": "github",
        "url": "https://github.com/sponsors/streamich"
      },
      "peerDependencies": {
        "tslib": "^2"
      }
    },
    "node_modules/to-regex-range": {
      "version": "5.0.1",
      "resolved": "https://registry.npmjs.org/to-regex-range/-/to-regex-range-5.0.1.tgz",
      "integrity": "sha512-65P7iz6X5yEr1cwcgvQxbbIw7Uk3gOy5dIdtZ4rDveLqhrdJP+Li/Hx6tyK0NEb+2GCyneCMJiGqrADCSNk8sQ==",
      "dev": true,
      "dependencies": {
        "is-number": "^7.0.0"
      },
      "engines": {
        "node": ">=8.0"
      }
    },
    "node_modules/tree-dump": {
      "version": "1.1.0",
      "resolved": "https://registry.npmjs.org/tree-dump/-/tree-dump-1.1.0.tgz",
      "integrity": "sha512-rMuvhU4MCDbcbnleZTFezWsaZXRFemSqAM+7jPnzUl1fo9w3YEKOxAeui0fz3OI4EU4hf23iyA7uQRVko+UaBA==",
      "dev": true,
      "engines": {
        "node": ">=10.0"
      },
      "funding": {
        "type": "github",
        "url": "https://github.com/sponsors/streamich"
      },
      "peerDependencies": {
        "tslib": "2"
      }
    },
    "node_modules/ts-checker-rspack-plugin": {
      "version": "1.2.0",
      "resolved": "https://registry.npmjs.org/ts-checker-rspack-plugin/-/ts-checker-rspack-plugin-1.2.0.tgz",
      "integrity": "sha512-/wnEnvOj7hqW/sGmfR74b95vhqvwFReb6rrN6Z0g5uuqP9M1W17N9y0wywSedjFYEgDOoGXCkfQ+QLbSkh4qyA==",
      "dev": true,
      "dependencies": {
        "@babel/code-frame": "^7.27.1",
        "@rspack/lite-tapable": "^1.0.1",
        "chokidar": "^3.6.0",
        "is-glob": "^4.0.3",
        "memfs": "^4.50.0",
        "minimatch": "^9.0.5",
        "picocolors": "^1.1.1"
      },
      "peerDependencies": {
        "@rspack/core": "^1.0.0",
        "typescript": ">=3.8.0"
      },
      "peerDependenciesMeta": {
        "@rspack/core": {
          "optional": true
        }
      }
    },
    "node_modules/tslib": {
      "version": "2.8.1",
      "resolved": "https://registry.npmjs.org/tslib/-/tslib-2.8.1.tgz",
      "integrity": "sha512-oJFu94HQb+KVduSUQL7wnpmqnfmLsOA/nAh6b6EH0wCEoK0/mPeXU6c3wKDV83MkOuHPRHtSXKKU99IBazS/2w==",
      "dev": true
    },
    "node_modules/typescript": {
      "version": "5.9.3",
      "resolved": "https://registry.npmjs.org/typescript/-/typescript-5.9.3.tgz",
      "integrity": "sha512-jl1vZzPDinLr9eUt3J/t7V6FgNEw9QjvBPdysz9KfQDD41fQrC2Y4vKQdiaUpFT4bXlb1RHhLpp8wtm6M5TgSw==",
      "dev": true,
      "peer": true,
      "bin": {
        "tsc": "bin/tsc",
        "tsserver": "bin/tsserver"
      },
      "engines": {
        "node": ">=14.17"
      }
    }
  }
}
